PODS:
  - SVProgressHUD (2.2.5)

DEPENDENCIES:
  - SVProgressHUD (~> 2.2.5)

SPEC REPOS:
  https://github.com/cocoapods/specs.git:
    - SVProgressHUD

SPEC CHECKSUMS:
  SVProgressHUD: 1428aafac632c1f86f62aa4243ec12008d7a51d6

PODFILE CHECKSUM: df1125fcb7edd9028a79c6d64dced62217f8996f

COCOAPODS: 1.5.3
